
Microsoft Visual Studio Solution File, Format Version 12.00
# Visual Studio Version 17
VisualStudioVersion = 17.13.35828.75 d17.13
MinimumVisualStudioVersion = 10.0.40219.1
Project("{FAE04EC0-301F-11D3-BF4B-00C04F79EFBC}") = "Desafio02", "Desafio02\Desafio02.csproj", "{64125C0C-C053-46CD-837B-8EB7C1AE87EE}"
EndProject
Global
	GlobalSection(SolutionConfigurationPlatforms) = preSolution
		Debug|Any CPU = Debug|Any CPU
		Release|Any CPU = Release|Any CPU
	EndGlobalSection
	GlobalSection(ProjectConfigurationPlatforms) = postSolution
		{64125C0C-C053-46CD-837B-8EB7C1AE87EE}.Debug|Any CPU.ActiveCfg = Debug|Any CPU
		{64125C0C-C053-46CD-837B-8EB7C1AE87EE}.Debug|Any CPU.Build.0 = Debug|Any CPU
		{64125C0C-C053-46CD-837B-8EB7C1AE87EE}.Release|Any CPU.ActiveCfg = Release|Any CPU
		{64125C0C-C053-46CD-837B-8EB7C1AE87EE}.Release|Any CPU.Build.0 = Release|Any CPU
	EndGlobalSection
	GlobalSection(SolutionProperties) = preSolution
		HideSolutionNode = FALSE
	EndGlobalSection
	GlobalSection(ExtensibilityGlobals) = postSolution
		SolutionGuid = {17B1D3D9-1160-4426-BD73-572A7550A144}
	EndGlobalSection
EndGlobal
